// !$*UTF8*$!
{
	archiveVersion = 1;
	classes = {
	};
	objectVersion = 50;
	objects = {

/* Begin PBXBuildFile section */
		1EA12D2B219A3CD600FFC525 /* AppDelegate.swift in Sources */ = {isa = PBXBuildFile; fileRef = 1EA12D2A219A3CD600FFC525 /* AppDelegate.swift */; };
		1EA12D2D219A3CD600FFC525 /* ViewController.swift in Sources */ = {isa = PBXBuildFile; fileRef = 1EA12D2C219A3CD600FFC525 /* ViewController.swift */; };
		1EA12D30219A3CD600FFC525 /* Main.storyboard in Resources */ = {isa = PBXBuildFile; fileRef = 1EA12D2E219A3CD600FFC525 /* Main.storyboard */; };
		1EA12D33219A3CD600FFC525 /* MapboxApp.xcdatamodeld in Sources */ = {isa = PBXBuildFile; fileRef = 1EA12D31219A3CD600FFC525 /* MapboxApp.xcdatamodeld */; };
		1EA12D35219A3CD700FFC525 /* Assets.xcassets in Resources */ = {isa = PBXBuildFile; fileRef = 1EA12D34219A3CD700FFC525 /* Assets.xcassets */; };
		1EA12D38219A3CD700FFC525 /* LaunchScreen.storyboard in Resources */ = {isa = PBXBuildFile; fileRef = 1EA12D36219A3CD700FFC525 /* LaunchScreen.storyboard */; };
/* End PBXBuildFile section */

/* Begin PBXFileReference section */
		1EA12D27219A3CD600FFC525 /* MapboxApp.app */ = {isa = PBXFileReference; explicitFileType = wrapper.application; includeInIndex = 0; path = MapboxApp.app; sourceTree = BUILT_PRODUCTS_DIR; };
		1EA12D2A219A3CD600FFC525 /* AppDelegate.swift */ = {isa = PBXFileReference; lastKnownFileType = sourcecode.swift; path = AppDelegate.swift; sourceTree = "<group>"; };
		1EA12D2C219A3CD600FFC525 /* ViewController.swift */ = {isa = PBXFileReference; lastKnownFileType = sourcecode.swift; path = ViewController.swift; sourceTree = "<group>"; };
		1EA12D2F219A3CD600FFC525 /* Base */ = {isa = PBXFileReference; lastKnownFileType = file.storyboard; name = Base; path = Base.lproj/Main.storyboard; sourceTree = "<group>"; };
		1EA12D32219A3CD600FFC525 /* MapboxApp.xcdatamodel */ = {isa = PBXFileReference; lastKnownFileType = wrapper.xcdatamodel; path = MapboxApp.xcdatamodel; sourceTree = "<group>"; };
		1EA12D34219A3CD700FFC525 /* Assets.xcassets */ = {isa = PBXFileReference; lastKnownFileType = folder.assetcatalog; path = Assets.xcassets; sourceTree = "<group>"; };
		1EA12D37219A3CD700FFC525 /* Base */ = {isa = PBXFileReference; lastKnownFileType = file.storyboard; name = Base; path = Base.lproj/LaunchScreen.storyboard; sourceTree = "<group>"; };
		1EA12D39219A3CD700FFC525 /* Info.plist */ = {isa = PBXFileReference; lastKnownFileType = text.plist.xml; path = Info.plist; sourceTree = "<group>"; };
/* End PBXFileReference section */

/* Begin PBXFrameworksBuildPhase section */
		1EA12D24219A3CD600FFC525 /* Frameworks */ = {
			isa = PBXFrameworksBuildPhase;
			buildActionMask = 2147483647;
			files = (
			);
			runOnlyForDeploymentPostprocessing = 0;
		};
/* End PBXFrameworksBuildPhase section */

/* Begin PBXGroup section */
		1EA12D1E219A3CD600FFC525 = {
			isa = PBXGroup;
			children = (
				1EA12D29219A3CD600FFC525 /* MapboxApp */,
				1EA12D28219A3CD600FFC525 /* Products */,
			);
			sourceTree = "<group>";
		};
		1EA12D28219A3CD600FFC525 /* Products */ = {
			isa = PBXGroup;
			children = (
				1EA12D27219A3CD600FFC525 /* MapboxApp.app */,
			);
			name = Products;
			sourceTree = "<group>";
		};
		1EA12D29219A3CD600FFC525 /* MapboxApp */ = {
			isa = PBXGroup;
			children = (
				1EA12D42219A3CF800FFC525 /* Common */,
				1EA12D41219A3CF100FFC525 /* Model */,
				1EA12D40219A3CE400FFC525 /* ViewModel */,
				1EA12D3F219A3CDD00FFC525 /* View */,
				1EA12D2A219A3CD600FFC525 /* AppDelegate.swift */,
				1EA12D34219A3CD700FFC525 /* Assets.xcassets */,
				1EA12D36219A3CD700FFC525 /* LaunchScreen.storyboard */,
				1EA12D39219A3CD700FFC525 /* Info.plist */,
			);
			path = MapboxApp;
			sourceTree = "<group>";
		};
		1EA12D3F219A3CDD00FFC525 /* View */ = {
			isa = PBXGroup;
			children = (
				1EA12D2E219A3CD600FFC525 /* Main.storyboard */,
				1EA12D2C219A3CD600FFC525 /* ViewController.swift */,
			);
			path = View;
			sourceTree = "<group>";
		};
		1EA12D40219A3CE400FFC525 /* ViewModel */ = {
			isa = PBXGroup;
			children = (
			);
			path = ViewModel;
			sourceTree = "<group>";
		};
		1EA12D41219A3CF100FFC525 /* Model */ = {
			isa = PBXGroup;
			children = (
				1EA12D31219A3CD600FFC525 /* MapboxApp.xcdatamodeld */,
			);
			path = Model;
			sourceTree = "<group>";
		};
		1EA12D42219A3CF800FFC525 /* Common */ = {
			isa = PBXGroup;
			children = (
			);
			path = Common;
			sourceTree = "<group>";
		};
/* End PBXGroup section */

/* Begin PBXNativeTarget section */
		1EA12D26219A3CD600FFC525 /* MapboxApp */ = {
			isa = PBXNativeTarget;
			buildConfigurationList = 1EA12D3C219A3CD700FFC525 /* Build configuration list for PBXNativeTarget "MapboxApp" */;
			buildPhases = (
				1EA12D23219A3CD600FFC525 /* Sources */,
				1EA12D24219A3CD600FFC525 /* Frameworks */,
				1EA12D25219A3CD600FFC525 /* Resources */,
			);
			buildRules = (
			);
			dependencies = (
			);
			name = MapboxApp;
			productName = MapboxApp;
			productReference = 1EA12D27219A3CD600FFC525 /* MapboxApp.app */;
			productType = "com.apple.product-type.application";
		};
/* End PBXNativeTarget section */

/* Begin PBXProject section */
		1EA12D1F219A3CD600FFC525 /* Project object */ = {
			isa = PBXProject;
			attributes = {
				LastSwiftUpdateCheck = 1000;
				LastUpgradeCheck = 1000;
				ORGANIZATIONNAME = huda.elhady;
				TargetAttributes = {
					1EA12D26219A3CD600FFC525 = {
						CreatedOnToolsVersion = 10.0;
					};
				};
			};
			buildConfigurationList = 1EA12D22219A3CD600FFC525 /* Build configuration list for PBXProject "MapboxApp" */;
			compatibilityVersion = "Xcode 9.3";
			developmentRegion = en;
			hasScannedForEncodings = 0;
			knownRegions = (
				en,
				Base,
			);
			mainGroup = 1EA12D1E219A3CD600FFC525;
			productRefGroup = 1EA12D28219A3CD600FFC525 /* Products */;
			projectDirPath = "";
			projectRoot = "";
			targets = (
				1EA12D26219A3CD600FFC525 /* MapboxApp */,
			);
		};
/* End PBXProject section */

/* Begin PBXResourcesBuildPhase section */
		1EA12D25219A3CD600FFC525 /* Resources */ = {
			isa = PBXResourcesBuildPhase;
			buildActionMask = 2147483647;
			files = (
				1EA12D38219A3CD700FFC525 /* LaunchScreen.storyboard in Resources */,
				1EA12D35219A3CD700FFC525 /* Assets.xcassets in Resources */,
				1EA12D30219A3CD600FFC525 /* Main.storyboard in Resources */,
			);
			runOnlyForDeploymentPostprocessing = 0;
		};
/* End PBXResourcesBuildPhase section */

/* Begin PBXSourcesBuildPhase section */
		1EA12D23219A3CD600FFC525 /* Sources */ = {
			isa = PBXSourcesBuildPhase;
			buildActionMask = 2147483647;
			files = (
				1EA12D33219A3CD600FFC525 /* MapboxApp.xcdatamodeld in Sources */,
				1EA12D2D219A3CD600FFC525 /* ViewController.swift in Sources */,
				1EA12D2B219A3CD600FFC525 /* AppDelegate.swift in Sources */,
			);
			runOnlyForDeploymentPostprocessing = 0;
		};
/* End PBXSourcesBuildPhase section */

/* Begin PBXVariantGroup section */
		1EA12D2E219A3CD600FFC525 /* Main.storyboard */ = {
			isa = PBXVariantGroup;
			children = (
				1EA12D2F219A3CD600FFC525 /* Base */,
			);
			name = Main.storyboard;
			sourceTree = "<group>";
		};
		1EA12D36219A3CD700FFC525 /* LaunchScreen.storyboard */ = {
			isa = PBXVariantGroup;
			children = (
				1EA12D37219A3CD700FFC525 /* Base */,
			);
			name = LaunchScreen.storyboard;
			sourceTree = "<group>";
		};
/* End PBXVariantGroup section */

/* Begin XCBuildConfiguration section */
		1EA12D3A219A3CD700FFC525 /* Debug */ = {
			isa = XCBuildConfiguration;
			buildSettings = {
				ALWAYS_SEARCH_USER_PATHS = NO;
				CLANG_ANALYZER_NONNULL = YES;
				CLANG_ANALYZER_NUMBER_OBJECT_CONVERSION = YES_AGGRESSIVE;
				CLANG_CXX_LANGUAGE_STANDARD = "gnu++14";
				CLANG_CXX_LIBRARY = "libc++";
				CLANG_ENABLE_MODULES = YES;
				CLANG_ENABLE_OBJC_ARC = YES;
				CLANG_ENABLE_OBJC_WEAK = YES;
				CLANG_WARN_BLOCK_CAPTURE_AUTORELEASING = YES;
				CLANG_WARN_BOOL_CONVERSION = YES;
				CLANG_WARN_COMMA = YES;
				CLANG_WARN_CONSTANT_CONVERSION = YES;
				CLANG_WARN_DEPRECATED_OBJC_IMPLEMENTATIONS = YES;
				CLANG_WARN_DIRECT_OBJC_ISA_USAGE = YES_ERROR;
				CLANG_WARN_DOCUMENTATION_COMMENTS = YES;
				CLANG_WARN_EMPTY_BODY = YES;
				CLANG_WARN_ENUM_CONVERSION = YES;
				CLANG_WARN_INFINITE_RECURSION = YES;
				CLANG_WARN_INT_CONVERSION = YES;
				CLANG_WARN_NON_LITERAL_NULL_CONVERSION = YES;
				CLANG_WARN_OBJC_IMPLICIT_RETAIN_SELF = YES;
				CLANG_WARN_OBJC_LITERAL_CONVERSION = YES;
				CLANG_WARN_OBJC_ROOT_CLASS = YES_ERROR;
				CLANG_WARN_RANGE_LOOP_ANALYSIS = YES;
				CLANG_WARN_STRICT_PROTOTYPES = YES;
				CLANG_WARN_SUSPICIOUS_MOVE = YES;
				CLANG_WARN_UNGUARDED_AVAILABILITY = YES_AGGRESSIVE;
				CLANG_WARN_UNREACHABLE_CODE = YES;
				CLANG_WARN__DUPLICATE_METHOD_MATCH = YES;
				CODE_SIGN_IDENTITY = "iPhone Developer";
				COPY_PHASE_STRIP = NO;
				DEBUG_INFORMATION_FORMAT = dwarf;
				ENABLE_STRICT_OBJC_MSGSEND = YES;
				ENABLE_TESTABILITY = YES;
				GCC_C_LANGUAGE_STANDARD = gnu11;
				GCC_DYNAMIC_NO_PIC = NO;
				GCC_NO_COMMON_BLOCKS = YES;
				GCC_OPTIMIZATION_LEVEL = 0;
				GCC_PREPROCESSOR_DEFINITIONS = (
					"DEBUG=1",
					"$(inherited)",
				);
				GCC_WARN_64_TO_32_BIT_CONVERSION = YES;
				GCC_WARN_ABOUT_RETURN_TYPE = YES_ERROR;
				GCC_WARN_UNDECLARED_SELECTOR = YES;
				GCC_WARN_UNINITIALIZED_AUTOS = YES_AGGRESSIVE;
				GCC_WARN_UNUSED_FUNCTION = YES;
				GCC_WARN_UNUSED_VARIABLE = YES;
				IPHONEOS_DEPLOYMENT_TARGET = 12.0;
				MTL_ENABLE_DEBUG_INFO = INCLUDE_SOURCE;
				MTL_FAST_MATH = YES;
				ONLY_ACTIVE_ARCH = YES;
				SDKROOT = iphoneos;
				SWIFT_ACTIVE_COMPILATION_CONDITIONS = DEBUG;
				SWIFT_OPTIMIZATION_LEVEL = "-Onone";
			};
			name = Debug;
		};
		1EA12D3B219A3CD700FFC525 /* Release */ = {
			isa = XCBuildConfiguration;
			buildSettings = {
				ALWAYS_SEARCH_USER_PATHS = NO;
				CLANG_ANALYZER_NONNULL = YES;
				CLANG_ANALYZER_NUMBER_OBJECT_CONVERSION = YES_AGGRESSIVE;
				CLANG_CXX_LANGUAGE_STANDARD = "gnu++14";
				CLANG_CXX_LIBRARY = "libc++";
				CLANG_ENABLE_MODULES = YES;
				CLANG_ENABLE_OBJC_ARC = YES;
				CLANG_ENABLE_OBJC_WEAK = YES;
				CLANG_WARN_BLOCK_CAPTURE_AUTORELEASING = YES;
				CLANG_WARN_BOOL_CONVERSION = YES;
				CLANG_WARN_COMMA = YES;
				CLANG_WARN_CONSTANT_CONVERSION = YES;
				CLANG_WARN_DEPRECATED_OBJC_IMPLEMENTATIONS = YES;
				CLANG_WARN_DIRECT_OBJC_ISA_USAGE = YES_ERROR;
				CLANG_WARN_DOCUMENTATION_COMMENTS = YES;
				CLANG_WARN_EMPTY_BODY = YES;
				CLANG_WARN_ENUM_CONVERSION = YES;
				CLANG_WARN_INFINITE_RECURSION = YES;
				CLANG_WARN_INT_CONVERSION = YES;
				CLANG_WARN_NON_LITERAL_NULL_CONVERSION = YES;
				CLANG_WARN_OBJC_IMPLICIT_RETAIN_SELF = YES;
				CLANG_WARN_OBJC_LITERAL_CONVERSION = YES;
				CLANG_WARN_OBJC_ROOT_CLASS = YES_ERROR;
				CLANG_WARN_RANGE_LOOP_ANALYSIS = YES;
				CLANG_WARN_STRICT_PROTOTYPES = YES;
				CLANG_WARN_SUSPICIOUS_MOVE = YES;
				CLANG_WARN_UNGUARDED_AVAILABILITY = YES_AGGRESSIVE;
				CLANG_WARN_UNREACHABLE_CODE = YES;
				CLANG_WARN__DUPLICATE_METHOD_MATCH = YES;
				CODE_SIGN_IDENTITY = "iPhone Developer";
				COPY_PHASE_STRIP = NO;
				DEBUG_INFORMATION_FORMAT = "dwarf-with-dsym";
				ENABLE_NS_ASSERTIONS = NO;
				ENABLE_STRICT_OBJC_MSGSEND = YES;
				GCC_C_LANGUAGE_STANDARD = gnu11;
				GCC_NO_COMMON_BLOCKS = YES;
				GCC_WARN_64_TO_32_BIT_CONVERSION = YES;
				GCC_WARN_ABOUT_RETURN_TYPE = YES_ERROR;
				GCC_WARN_UNDECLARED_SELECTOR = YES;
				GCC_WARN_UNINITIALIZED_AUTOS = YES_AGGRESSIVE;
				GCC_WARN_UNUSED_FUNCTION = YES;
				GCC_WARN_UNUSED_VARIABLE = YES;
				IPHONEOS_DEPLOYMENT_TARGET = 12.0;
				MTL_ENABLE_DEBUG_INFO = NO;
				MTL_FAST_MATH = YES;
				SDKROOT = iphoneos;
				SWIFT_COMPILATION_MODE = wholemodule;
				SWIFT_OPTIMIZATION_LEVEL = "-O";
				VALIDATE_PRODUCT = YES;
			};
			name = Release;
		};
		1EA12D3D219A3CD700FFC525 /* Debug */ = {
			isa = XCBuildConfiguration;
			buildSettings = {
				ASSETCATALOG_COMPILER_APPICON_NAME = AppIcon;
				CODE_SIGN_STYLE = Automatic;
				INFOPLIST_FILE = MapboxApp/Info.plist;
				LD_RUNPATH_SEARCH_PATHS = (
					"$(inherited)",
					"@executable_path/Frameworks",
				);
				PRODUCT_BUNDLE_IDENTIFIER = com.hudaelhady.MapboxApp;
				PRODUCT_NAME = "$(TARGET_NAME)";
				SWIFT_VERSION = 4.2;
				TARGETED_DEVICE_FAMILY = "1,2";
			};
			name = Debug;
		};
		1EA12D3E219A3CD700FFC525 /* Release */ = {
			isa = XCBuildConfiguration;
			buildSettings = {
				ASSETCATALOG_COMPILER_APPICON_NAME = AppIcon;
				CODE_SIGN_STYLE = Automatic;
				INFOPLIST_FILE = MapboxApp/Info.plist;
				LD_RUNPATH_SEARCH_PATHS = (
					"$(inherited)",
					"@executable_path/Frameworks",
				);
				PRODUCT_BUNDLE_IDENTIFIER = com.hudaelhady.MapboxApp;
				PRODUCT_NAME = "$(TARGET_NAME)";
				SWIFT_VERSION = 4.2;
				TARGETED_DEVICE_FAMILY = "1,2";
			};
			name = Release;
		};
/* End XCBuildConfiguration section */

/* Begin XCConfigurationList section */
		1EA12D22219A3CD600FFC525 /* Build configuration list for PBXProject "MapboxApp" */ = {
			isa = XCConfigurationList;
			buildConfigurations = (
				1EA12D3A219A3CD700FFC525 /* Debug */,
				1EA12D3B219A3CD700FFC525 /* Release */,
			);
			defaultConfigurationIsVisible = 0;
			defaultConfigurationName = Release;
		};
		1EA12D3C219A3CD700FFC525 /* Build configuration list for PBXNativeTarget "MapboxApp" */ = {
			isa = XCConfigurationList;
			buildConfigurations = (
				1EA12D3D219A3CD700FFC525 /* Debug */,
				1EA12D3E219A3CD700FFC525 /* Release */,
			);
			defaultConfigurationIsVisible = 0;
			defaultConfigurationName = Release;
		};
/* End XCConfigurationList section */

/* Begin XCVersionGroup section */
		1EA12D31219A3CD600FFC525 /* MapboxApp.xcdatamodeld */ = {
			isa = XCVersionGroup;
			children = (
				1EA12D32219A3CD600FFC525 /* MapboxApp.xcdatamodel */,
			);
			currentVersion = 1EA12D32219A3CD600FFC525 /* MapboxApp.xcdatamodel */;
			path = MapboxApp.xcdatamodeld;
			sourceTree = "<group>";
			versionGroupType = wrapper.xcdatamodel;
		};
/* End XCVersionGroup section */
	};
	rootObject = 1EA12D1F219A3CD600FFC525 /* Project object */;
}
